{
  "originHash" : "5131c22a28c2dd933292484192c8f7450a4f587395bbd1f4eae50d3e651d2d7e",
  "pins" : [
    {
      "identity" : "hotreloadswiftuitransferprotocol",
      "kind" : "remoteSourceControl",
      "location" : "https://github.com/OneeMe/HotReloadSwiftUITransferProtocol",
      "state" : {
        "branch" : "main",
        "revision" : "f513b22a17f2f891db428706477bf811dde80b0a"
      }
    },
    {
      "identity" : "swifter",
      "kind" : "remoteSourceControl",
      "location" : "https://github.com/httpswift/swifter",
      "state" : {
        "revision" : "9483a5d459b45c3ffd059f7b55f9638e268632fd",
        "version" : "1.5.0"
      }
    }
  ],
  "version" : 3
}
