// !$*UTF8*$!
{
	archiveVersion = 1;
	classes = {
	};
	objectVersion = 77;
	objects = {

/* Begin PBXBuildFile section */
		BDA70FD32D2C070F00AD55AE /* HotReloadSwiftUITransferProtocol in Frameworks */ = {isa = PBXBuildFile; productRef = BDA70FD22D2C070F00AD55AE /* HotReloadSwiftUITransferProtocol */; };
		BDA70FFE2D2C088600AD55AE /* Swifter in Frameworks */ = {isa = PBXBuildFile; productRef = BDA70FFD2D2C088600AD55AE /* Swifter */; };
		BDCEBE5D2D2D48B00038C7F2 /* HotReloadSwiftUITransferProtocol in Frameworks */ = {isa = PBXBuildFile; productRef = BDCEBE5C2D2D48B00038C7F2 /* HotReloadSwiftUITransferProtocol */; };
/* End PBXBuildFile section */

/* Begin PBXContainerItemProxy section */
		BDA70DC12D2A33A500AD55AE /* PBXContainerItemProxy */ = {
			isa = PBXContainerItemProxy;
			containerPortal = BDA70DA52D2A33A400AD55AE /* Project object */;
			proxyType = 1;
			remoteGlobalIDString = BDA70DAC2D2A33A400AD55AE;
			remoteInfo = HotReloadInspector;
		};
		BDA70DCB2D2A33A500AD55AE /* PBXContainerItemProxy */ = {
			isa = PBXContainerItemProxy;
			containerPortal = BDA70DA52D2A33A400AD55AE /* Project object */;
			proxyType = 1;
			remoteGlobalIDString = BDA70DAC2D2A33A400AD55AE;
			remoteInfo = HotReloadInspector;
		};
/* End PBXContainerItemProxy section */

/* Begin PBXFileReference section */
		BDA70DAD2D2A33A400AD55AE /* HotReloadInspector.app */ = {isa = PBXFileReference; explicitFileType = wrapper.application; includeInIndex = 0; path = HotReloadInspector.app; sourceTree = BUILT_PRODUCTS_DIR; };
		BDA70DC02D2A33A500AD55AE /* HotReloadInspectorTests.xctest */ = {isa = PBXFileReference; explicitFileType = wrapper.cfbundle; includeInIndex = 0; path = HotReloadInspectorTests.xctest; sourceTree = BUILT_PRODUCTS_DIR; };
		BDA70DCA2D2A33A500AD55AE /* HotReloadInspectorUITests.xctest */ = {isa = PBXFileReference; explicitFileType = wrapper.cfbundle; includeInIndex = 0; path = HotReloadInspectorUITests.xctest; sourceTree = BUILT_PRODUCTS_DIR; };
/* End PBXFileReference section */

/* Begin PBXFileSystemSynchronizedRootGroup section */
		BDA70DAF2D2A33A400AD55AE /* HotReloadInspector */ = {
			isa = PBXFileSystemSynchronizedRootGroup;
			path = HotReloadInspector;
			sourceTree = "<group>";
		};
		BDA70DC32D2A33A500AD55AE /* HotReloadInspectorTests */ = {
			isa = PBXFileSystemSynchronizedRootGroup;
			path = HotReloadInspectorTests;
			sourceTree = "<group>";
		};
		BDA70DCD2D2A33A500AD55AE /* HotReloadInspectorUITests */ = {
			isa = PBXFileSystemSynchronizedRootGroup;
			path = HotReloadInspectorUITests;
			sourceTree = "<group>";
		};
/* End PBXFileSystemSynchronizedRootGroup section */

/* Begin PBXFrameworksBuildPhase section */
		BDA70DAA2D2A33A400AD55AE /* Frameworks */ = {
			isa = PBXFrameworksBuildPhase;
			buildActionMask = 2147483647;
			files = (
				BDA70FD32D2C070F00AD55AE /* HotReloadSwiftUITransferProtocol in Frameworks */,
				BDA70FFE2D2C088600AD55AE /* Swifter in Frameworks */,
				BDCEBE5D2D2D48B00038C7F2 /* HotReloadSwiftUITransferProtocol in Frameworks */,
			);
			runOnlyForDeploymentPostprocessing = 0;
		};
		BDA70DBD2D2A33A500AD55AE /* Frameworks */ = {
			isa = PBXFrameworksBuildPhase;
			buildActionMask = 2147483647;
			files = (
			);
			runOnlyForDeploymentPostprocessing = 0;
		};
		BDA70DC72D2A33A500AD55AE /* Frameworks */ = {
			isa = PBXFrameworksBuildPhase;
			buildActionMask = 2147483647;
			files = (
			);
			runOnlyForDeploymentPostprocessing = 0;
		};
/* End PBXFrameworksBuildPhase section */

/* Begin PBXGroup section */
		BDA70DA42D2A33A400AD55AE = {
			isa = PBXGroup;
			children = (
				BDA70DAF2D2A33A400AD55AE /* HotReloadInspector */,
				BDA70DC32D2A33A500AD55AE /* HotReloadInspectorTests */,
				BDA70DCD2D2A33A500AD55AE /* HotReloadInspectorUITests */,
				BDA70DAE2D2A33A400AD55AE /* Products */,
			);
			sourceTree = "<group>";
		};
		BDA70DAE2D2A33A400AD55AE /* Products */ = {
			isa = PBXGroup;
			children = (
				BDA70DAD2D2A33A400AD55AE /* HotReloadInspector.app */,
				BDA70DC02D2A33A500AD55AE /* HotReloadInspectorTests.xctest */,
				BDA70DCA2D2A33A500AD55AE /* HotReloadInspectorUITests.xctest */,
			);
			name = Products;
			sourceTree = "<group>";
		};
/* End PBXGroup section */

/* Begin PBXNativeTarget section */
		BDA70DAC2D2A33A400AD55AE /* HotReloadInspector */ = {
			isa = PBXNativeTarget;
			buildConfigurationList = BDA70DD42D2A33A500AD55AE /* Build configuration list for PBXNativeTarget "HotReloadInspector" */;
			buildPhases = (
				BDA70DA92D2A33A400AD55AE /* Sources */,
				BDA70DAA2D2A33A400AD55AE /* Frameworks */,
				BDA70DAB2D2A33A400AD55AE /* Resources */,
			);
			buildRules = (
			);
			dependencies = (
			);
			fileSystemSynchronizedGroups = (
				BDA70DAF2D2A33A400AD55AE /* HotReloadInspector */,
			);
			name = HotReloadInspector;
			packageProductDependencies = (
				BDA70FD22D2C070F00AD55AE /* HotReloadSwiftUITransferProtocol */,
				BDA70FFD2D2C088600AD55AE /* Swifter */,
				BDCEBE5C2D2D48B00038C7F2 /* HotReloadSwiftUITransferProtocol */,
			);
			productName = HotReloadInspector;
			productReference = BDA70DAD2D2A33A400AD55AE /* HotReloadInspector.app */;
			productType = "com.apple.product-type.application";
		};
		BDA70DBF2D2A33A500AD55AE /* HotReloadInspectorTests */ = {
			isa = PBXNativeTarget;
			buildConfigurationList = BDA70DD72D2A33A500AD55AE /* Build configuration list for PBXNativeTarget "HotReloadInspectorTests" */;
			buildPhases = (
				BDA70DBC2D2A33A500AD55AE /* Sources */,
				BDA70DBD2D2A33A500AD55AE /* Frameworks */,
				BDA70DBE2D2A33A500AD55AE /* Resources */,
			);
			buildRules = (
			);
			dependencies = (
				BDA70DC22D2A33A500AD55AE /* PBXTargetDependency */,
			);
			fileSystemSynchronizedGroups = (
				BDA70DC32D2A33A500AD55AE /* HotReloadInspectorTests */,
			);
			name = HotReloadInspectorTests;
			packageProductDependencies = (
			);
			productName = HotReloadInspectorTests;
			productReference = BDA70DC02D2A33A500AD55AE /* HotReloadInspectorTests.xctest */;
			productType = "com.apple.product-type.bundle.unit-test";
		};
		BDA70DC92D2A33A500AD55AE /* HotReloadInspectorUITests */ = {
			isa = PBXNativeTarget;
			buildConfigurationList = BDA70DDA2D2A33A500AD55AE /* Build configuration list for PBXNativeTarget "HotReloadInspectorUITests" */;
			buildPhases = (
				BDA70DC62D2A33A500AD55AE /* Sources */,
				BDA70DC72D2A33A500AD55AE /* Frameworks */,
				BDA70DC82D2A33A500AD55AE /* Resources */,
			);
			buildRules = (
			);
			dependencies = (
				BDA70DCC2D2A33A500AD55AE /* PBXTargetDependency */,
			);
			fileSystemSynchronizedGroups = (
				BDA70DCD2D2A33A500AD55AE /* HotReloadInspectorUITests */,
			);
			name = HotReloadInspectorUITests;
			packageProductDependencies = (
			);
			productName = HotReloadInspectorUITests;
			productReference = BDA70DCA2D2A33A500AD55AE /* HotReloadInspectorUITests.xctest */;
			productType = "com.apple.product-type.bundle.ui-testing";
		};
/* End PBXNativeTarget section */

/* Begin PBXProject section */
		BDA70DA52D2A33A400AD55AE /* Project object */ = {
			isa = PBXProject;
			attributes = {
				BuildIndependentTargetsInParallel = 1;
				LastSwiftUpdateCheck = 1620;
				LastUpgradeCheck = 1620;
				TargetAttributes = {
					BDA70DAC2D2A33A400AD55AE = {
						CreatedOnToolsVersion = 16.2;
					};
					BDA70DBF2D2A33A500AD55AE = {
						CreatedOnToolsVersion = 16.2;
						TestTargetID = BDA70DAC2D2A33A400AD55AE;
					};
					BDA70DC92D2A33A500AD55AE = {
						CreatedOnToolsVersion = 16.2;
						TestTargetID = BDA70DAC2D2A33A400AD55AE;
					};
				};
			};
			buildConfigurationList = BDA70DA82D2A33A400AD55AE /* Build configuration list for PBXProject "HotReloadInspector" */;
			developmentRegion = en;
			hasScannedForEncodings = 0;
			knownRegions = (
				en,
				Base,
			);
			mainGroup = BDA70DA42D2A33A400AD55AE;
			minimizedProjectReferenceProxies = 1;
			packageReferences = (
				BDA70FFC2D2C088600AD55AE /* XCRemoteSwiftPackageReference "swifter" */,
				BDCEBE5B2D2D48B00038C7F2 /* XCRemoteSwiftPackageReference "HotReloadSwiftUITransferProtocol" */,
			);
			preferredProjectObjectVersion = 77;
			productRefGroup = BDA70DAE2D2A33A400AD55AE /* Products */;
			projectDirPath = "";
			projectRoot = "";
			targets = (
				BDA70DAC2D2A33A400AD55AE /* HotReloadInspector */,
				BDA70DBF2D2A33A500AD55AE /* HotReloadInspectorTests */,
				BDA70DC92D2A33A500AD55AE /* HotReloadInspectorUITests */,
			);
		};
/* End PBXProject section */

/* Begin PBXResourcesBuildPhase section */
		BDA70DAB2D2A33A400AD55AE /* Resources */ = {
			isa = PBXResourcesBuildPhase;
			buildActionMask = 2147483647;
			files = (
			);
			runOnlyForDeploymentPostprocessing = 0;
		};
		BDA70DBE2D2A33A500AD55AE /* Resources */ = {
			isa = PBXResourcesBuildPhase;
			buildActionMask = 2147483647;
			files = (
			);
			runOnlyForDeploymentPostprocessing = 0;
		};
		BDA70DC82D2A33A500AD55AE /* Resources */ = {
			isa = PBXResourcesBuildPhase;
			buildActionMask = 2147483647;
			files = (
			);
			runOnlyForDeploymentPostprocessing = 0;
		};
/* End PBXResourcesBuildPhase section */

/* Begin PBXSourcesBuildPhase section */
		BDA70DA92D2A33A400AD55AE /* Sources */ = {
			isa = PBXSourcesBuildPhase;
			buildActionMask = 2147483647;
			files = (
			);
			runOnlyForDeploymentPostprocessing = 0;
		};
		BDA70DBC2D2A33A500AD55AE /* Sources */ = {
			isa = PBXSourcesBuildPhase;
			buildActionMask = 2147483647;
			files = (
			);
			runOnlyForDeploymentPostprocessing = 0;
		};
		BDA70DC62D2A33A500AD55AE /* Sources */ = {
			isa = PBXSourcesBuildPhase;
			buildActionMask = 2147483647;
			files = (
			);
			runOnlyForDeploymentPostprocessing = 0;
		};
/* End PBXSourcesBuildPhase section */

/* Begin PBXTargetDependency section */
		BDA70DC22D2A33A500AD55AE /* PBXTargetDependency */ = {
			isa = PBXTargetDependency;
			target = BDA70DAC2D2A33A400AD55AE /* HotReloadInspector */;
			targetProxy = BDA70DC12D2A33A500AD55AE /* PBXContainerItemProxy */;
		};
		BDA70DCC2D2A33A500AD55AE /* PBXTargetDependency */ = {
			isa = PBXTargetDependency;
			target = BDA70DAC2D2A33A400AD55AE /* HotReloadInspector */;
			targetProxy = BDA70DCB2D2A33A500AD55AE /* PBXContainerItemProxy */;
		};
/* End PBXTargetDependency section */

/* Begin XCBuildConfiguration section */
		BDA70DD22D2A33A500AD55AE /* Debug */ = {
			isa = XCBuildConfiguration;
			buildSettings = {
				ALWAYS_SEARCH_USER_PATHS = NO;
				ASSETCATALOG_COMPILER_GENERATE_SWIFT_ASSET_SYMBOL_EXTENSIONS = YES;
				CLANG_ANALYZER_NONNULL = YES;
				CLANG_ANALYZER_NUMBER_OBJECT_CONVERSION = YES_AGGRESSIVE;
				CLANG_CXX_LANGUAGE_STANDARD = "gnu++20";
				CLANG_ENABLE_MODULES = YES;
				CLANG_ENABLE_OBJC_ARC = YES;
				CLANG_ENABLE_OBJC_WEAK = YES;
				CLANG_WARN_BLOCK_CAPTURE_AUTORELEASING = YES;
				CLANG_WARN_BOOL_CONVERSION = YES;
				CLANG_WARN_COMMA = YES;
				CLANG_WARN_CONSTANT_CONVERSION = YES;
				CLANG_WARN_DEPRECATED_OBJC_IMPLEMENTATIONS = YES;
				CLANG_WARN_DIRECT_OBJC_ISA_USAGE = YES_ERROR;
				CLANG_WARN_DOCUMENTATION_COMMENTS = YES;
				CLANG_WARN_EMPTY_BODY = YES;
				CLANG_WARN_ENUM_CONVERSION = YES;
				CLANG_WARN_INFINITE_RECURSION = YES;
				CLANG_WARN_INT_CONVERSION = YES;
				CLANG_WARN_NON_LITERAL_NULL_CONVERSION = YES;
				CLANG_WARN_OBJC_IMPLICIT_RETAIN_SELF = YES;
				CLANG_WARN_OBJC_LITERAL_CONVERSION = YES;
				CLANG_WARN_OBJC_ROOT_CLASS = YES_ERROR;
				CLANG_WARN_QUOTED_INCLUDE_IN_FRAMEWORK_HEADER = YES;
				CLANG_WARN_RANGE_LOOP_ANALYSIS = YES;
				CLANG_WARN_STRICT_PROTOTYPES = YES;
				CLANG_WARN_SUSPICIOUS_MOVE = YES;
				CLANG_WARN_UNGUARDED_AVAILABILITY = YES_AGGRESSIVE;
				CLANG_WARN_UNREACHABLE_CODE = YES;
				CLANG_WARN__DUPLICATE_METHOD_MATCH = YES;
				COPY_PHASE_STRIP = NO;
				DEBUG_INFORMATION_FORMAT = dwarf;
				ENABLE_STRICT_OBJC_MSGSEND = YES;
				ENABLE_TESTABILITY = YES;
				ENABLE_USER_SCRIPT_SANDBOXING = YES;
				GCC_C_LANGUAGE_STANDARD = gnu17;
				GCC_DYNAMIC_NO_PIC = NO;
				GCC_NO_COMMON_BLOCKS = YES;
				GCC_OPTIMIZATION_LEVEL = 0;
				GCC_PREPROCESSOR_DEFINITIONS = (
					"DEBUG=1",
					"$(inherited)",
				);
				GCC_WARN_64_TO_32_BIT_CONVERSION = YES;
				GCC_WARN_ABOUT_RETURN_TYPE = YES_ERROR;
				GCC_WARN_UNDECLARED_SELECTOR = YES;
				GCC_WARN_UNINITIALIZED_AUTOS = YES_AGGRESSIVE;
				GCC_WARN_UNUSED_FUNCTION = YES;
				GCC_WARN_UNUSED_VARIABLE = YES;
				LOCALIZATION_PREFERS_STRING_CATALOGS = YES;
				MACOSX_DEPLOYMENT_TARGET = 15.2;
				MTL_ENABLE_DEBUG_INFO = INCLUDE_SOURCE;
				MTL_FAST_MATH = YES;
				ONLY_ACTIVE_ARCH = YES;
				SDKROOT = macosx;
				SWIFT_ACTIVE_COMPILATION_CONDITIONS = "DEBUG $(inherited)";
				SWIFT_OPTIMIZATION_LEVEL = "-Onone";
			};
			name = Debug;
		};
		BDA70DD32D2A33A500AD55AE /* Release */ = {
			isa = XCBuildConfiguration;
			buildSettings = {
				ALWAYS_SEARCH_USER_PATHS = NO;
				ASSETCATALOG_COMPILER_GENERATE_SWIFT_ASSET_SYMBOL_EXTENSIONS = YES;
				CLANG_ANALYZER_NONNULL = YES;
				CLANG_ANALYZER_NUMBER_OBJECT_CONVERSION = YES_AGGRESSIVE;
				CLANG_CXX_LANGUAGE_STANDARD = "gnu++20";
				CLANG_ENABLE_MODULES = YES;
				CLANG_ENABLE_OBJC_ARC = YES;
				CLANG_ENABLE_OBJC_WEAK = YES;
				CLANG_WARN_BLOCK_CAPTURE_AUTORELEASING = YES;
				CLANG_WARN_BOOL_CONVERSION = YES;
				CLANG_WARN_COMMA = YES;
				CLANG_WARN_CONSTANT_CONVERSION = YES;
				CLANG_WARN_DEPRECATED_OBJC_IMPLEMENTATIONS = YES;
				CLANG_WARN_DIRECT_OBJC_ISA_USAGE = YES_ERROR;
				CLANG_WARN_DOCUMENTATION_COMMENTS = YES;
				CLANG_WARN_EMPTY_BODY = YES;
				CLANG_WARN_ENUM_CONVERSION = YES;
				CLANG_WARN_INFINITE_RECURSION = YES;
				CLANG_WARN_INT_CONVERSION = YES;
				CLANG_WARN_NON_LITERAL_NULL_CONVERSION = YES;
				CLANG_WARN_OBJC_IMPLICIT_RETAIN_SELF = YES;
				CLANG_WARN_OBJC_LITERAL_CONVERSION = YES;
				CLANG_WARN_OBJC_ROOT_CLASS = YES_ERROR;
				CLANG_WARN_QUOTED_INCLUDE_IN_FRAMEWORK_HEADER = YES;
				CLANG_WARN_RANGE_LOOP_ANALYSIS = YES;
				CLANG_WARN_STRICT_PROTOTYPES = YES;
				CLANG_WARN_SUSPICIOUS_MOVE = YES;
				CLANG_WARN_UNGUARDED_AVAILABILITY = YES_AGGRESSIVE;
				CLANG_WARN_UNREACHABLE_CODE = YES;
				CLANG_WARN__DUPLICATE_METHOD_MATCH = YES;
				COPY_PHASE_STRIP = NO;
				DEBUG_INFORMATION_FORMAT = "dwarf-with-dsym";
				ENABLE_NS_ASSERTIONS = NO;
				ENABLE_STRICT_OBJC_MSGSEND = YES;
				ENABLE_USER_SCRIPT_SANDBOXING = YES;
				GCC_C_LANGUAGE_STANDARD = gnu17;
				GCC_NO_COMMON_BLOCKS = YES;
				GCC_WARN_64_TO_32_BIT_CONVERSION = YES;
				GCC_WARN_ABOUT_RETURN_TYPE = YES_ERROR;
				GCC_WARN_UNDECLARED_SELECTOR = YES;
				GCC_WARN_UNINITIALIZED_AUTOS = YES_AGGRESSIVE;
				GCC_WARN_UNUSED_FUNCTION = YES;
				GCC_WARN_UNUSED_VARIABLE = YES;
				LOCALIZATION_PREFERS_STRING_CATALOGS = YES;
				MACOSX_DEPLOYMENT_TARGET = 15.2;
				MTL_ENABLE_DEBUG_INFO = NO;
				MTL_FAST_MATH = YES;
				SDKROOT = macosx;
				SWIFT_COMPILATION_MODE = wholemodule;
			};
			name = Release;
		};
		BDA70DD52D2A33A500AD55AE /* Debug */ = {
			isa = XCBuildConfiguration;
			buildSettings = {
				ASSETCATALOG_COMPILER_APPICON_NAME = AppIcon;
				ASSETCATALOG_COMPILER_GLOBAL_ACCENT_COLOR_NAME = AccentColor;
				CODE_SIGN_ENTITLEMENTS = HotReloadInspector/HotReloadInspector.entitlements;
				CODE_SIGN_STYLE = Automatic;
				COMBINE_HIDPI_IMAGES = YES;
				CURRENT_PROJECT_VERSION = 1;
				DEVELOPMENT_ASSET_PATHS = "\"HotReloadInspector/Preview Content\"";
				DEVELOPMENT_TEAM = 924A9CWF7G;
				ENABLE_HARDENED_RUNTIME = YES;
				ENABLE_PREVIEWS = YES;
				GENERATE_INFOPLIST_FILE = YES;
				INFOPLIST_KEY_NSHumanReadableCopyright = "";
				LD_RUNPATH_SEARCH_PATHS = (
					"$(inherited)",
					"@executable_path/../Frameworks",
				);
				MACOSX_DEPLOYMENT_TARGET = 14.0;
				MARKETING_VERSION = 1.0;
				PRODUCT_BUNDLE_IDENTIFIER = spatial.onee.HotReloadInspector;
				PRODUCT_NAME = "$(TARGET_NAME)";
				SWIFT_EMIT_LOC_STRINGS = YES;
				SWIFT_VERSION = 5.0;
			};
			name = Debug;
		};
		BDA70DD62D2A33A500AD55AE /* Release */ = {
			isa = XCBuildConfiguration;
			buildSettings = {
				ASSETCATALOG_COMPILER_APPICON_NAME = AppIcon;
				ASSETCATALOG_COMPILER_GLOBAL_ACCENT_COLOR_NAME = AccentColor;
				CODE_SIGN_ENTITLEMENTS = HotReloadInspector/HotReloadInspector.entitlements;
				CODE_SIGN_STYLE = Automatic;
				COMBINE_HIDPI_IMAGES = YES;
				CURRENT_PROJECT_VERSION = 1;
				DEVELOPMENT_ASSET_PATHS = "\"HotReloadInspector/Preview Content\"";
				DEVELOPMENT_TEAM = 924A9CWF7G;
				ENABLE_HARDENED_RUNTIME = YES;
				ENABLE_PREVIEWS = YES;
				GENERATE_INFOPLIST_FILE = YES;
				INFOPLIST_KEY_NSHumanReadableCopyright = "";
				LD_RUNPATH_SEARCH_PATHS = (
					"$(inherited)",
					"@executable_path/../Frameworks",
				);
				MACOSX_DEPLOYMENT_TARGET = 14.0;
				MARKETING_VERSION = 1.0;
				PRODUCT_BUNDLE_IDENTIFIER = spatial.onee.HotReloadInspector;
				PRODUCT_NAME = "$(TARGET_NAME)";
				SWIFT_EMIT_LOC_STRINGS = YES;
				SWIFT_VERSION = 5.0;
			};
			name = Release;
		};
		BDA70DD82D2A33A500AD55AE /* Debug */ = {
			isa = XCBuildConfiguration;
			buildSettings = {
				BUNDLE_LOADER = "$(TEST_HOST)";
				CODE_SIGN_STYLE = Automatic;
				CURRENT_PROJECT_VERSION = 1;
				DEVELOPMENT_TEAM = 924A9CWF7G;
				GENERATE_INFOPLIST_FILE = YES;
				MACOSX_DEPLOYMENT_TARGET = 14.0;
				MARKETING_VERSION = 1.0;
				PRODUCT_BUNDLE_IDENTIFIER = spatial.onee.HotReloadInspectorTests;
				PRODUCT_NAME = "$(TARGET_NAME)";
				SWIFT_EMIT_LOC_STRINGS = NO;
				SWIFT_VERSION = 5.0;
				TEST_HOST = "$(BUILT_PRODUCTS_DIR)/HotReloadInspector.app/$(BUNDLE_EXECUTABLE_FOLDER_PATH)/HotReloadInspector";
			};
			name = Debug;
		};
		BDA70DD92D2A33A500AD55AE /* Release */ = {
			isa = XCBuildConfiguration;
			buildSettings = {
				BUNDLE_LOADER = "$(TEST_HOST)";
				CODE_SIGN_STYLE = Automatic;
				CURRENT_PROJECT_VERSION = 1;
				DEVELOPMENT_TEAM = 924A9CWF7G;
				GENERATE_INFOPLIST_FILE = YES;
				MACOSX_DEPLOYMENT_TARGET = 14.0;
				MARKETING_VERSION = 1.0;
				PRODUCT_BUNDLE_IDENTIFIER = spatial.onee.HotReloadInspectorTests;
				PRODUCT_NAME = "$(TARGET_NAME)";
				SWIFT_EMIT_LOC_STRINGS = NO;
				SWIFT_VERSION = 5.0;
				TEST_HOST = "$(BUILT_PRODUCTS_DIR)/HotReloadInspector.app/$(BUNDLE_EXECUTABLE_FOLDER_PATH)/HotReloadInspector";
			};
			name = Release;
		};
		BDA70DDB2D2A33A500AD55AE /* Debug */ = {
			isa = XCBuildConfiguration;
			buildSettings = {
				CODE_SIGN_STYLE = Automatic;
				CURRENT_PROJECT_VERSION = 1;
				DEVELOPMENT_TEAM = 924A9CWF7G;
				GENERATE_INFOPLIST_FILE = YES;
				MARKETING_VERSION = 1.0;
				PRODUCT_BUNDLE_IDENTIFIER = spatial.onee.HotReloadInspectorUITests;
				PRODUCT_NAME = "$(TARGET_NAME)";
				SWIFT_EMIT_LOC_STRINGS = NO;
				SWIFT_VERSION = 5.0;
				TEST_TARGET_NAME = HotReloadInspector;
			};
			name = Debug;
		};
		BDA70DDC2D2A33A500AD55AE /* Release */ = {
			isa = XCBuildConfiguration;
			buildSettings = {
				CODE_SIGN_STYLE = Automatic;
				CURRENT_PROJECT_VERSION = 1;
				DEVELOPMENT_TEAM = 924A9CWF7G;
				GENERATE_INFOPLIST_FILE = YES;
				MARKETING_VERSION = 1.0;
				PRODUCT_BUNDLE_IDENTIFIER = spatial.onee.HotReloadInspectorUITests;
				PRODUCT_NAME = "$(TARGET_NAME)";
				SWIFT_EMIT_LOC_STRINGS = NO;
				SWIFT_VERSION = 5.0;
				TEST_TARGET_NAME = HotReloadInspector;
			};
			name = Release;
		};
/* End XCBuildConfiguration section */

/* Begin XCConfigurationList section */
		BDA70DA82D2A33A400AD55AE /* Build configuration list for PBXProject "HotReloadInspector" */ = {
			isa = XCConfigurationList;
			buildConfigurations = (
				BDA70DD22D2A33A500AD55AE /* Debug */,
				BDA70DD32D2A33A500AD55AE /* Release */,
			);
			defaultConfigurationIsVisible = 0;
			defaultConfigurationName = Release;
		};
		BDA70DD42D2A33A500AD55AE /* Build configuration list for PBXNativeTarget "HotReloadInspector" */ = {
			isa = XCConfigurationList;
			buildConfigurations = (
				BDA70DD52D2A33A500AD55AE /* Debug */,
				BDA70DD62D2A33A500AD55AE /* Release */,
			);
			defaultConfigurationIsVisible = 0;
			defaultConfigurationName = Release;
		};
		BDA70DD72D2A33A500AD55AE /* Build configuration list for PBXNativeTarget "HotReloadInspectorTests" */ = {
			isa = XCConfigurationList;
			buildConfigurations = (
				BDA70DD82D2A33A500AD55AE /* Debug */,
				BDA70DD92D2A33A500AD55AE /* Release */,
			);
			defaultConfigurationIsVisible = 0;
			defaultConfigurationName = Release;
		};
		BDA70DDA2D2A33A500AD55AE /* Build configuration list for PBXNativeTarget "HotReloadInspectorUITests" */ = {
			isa = XCConfigurationList;
			buildConfigurations = (
				BDA70DDB2D2A33A500AD55AE /* Debug */,
				BDA70DDC2D2A33A500AD55AE /* Release */,
			);
			defaultConfigurationIsVisible = 0;
			defaultConfigurationName = Release;
		};
/* End XCConfigurationList section */

/* Begin XCRemoteSwiftPackageReference section */
		BDA70FFC2D2C088600AD55AE /* XCRemoteSwiftPackageReference "swifter" */ = {
			isa = XCRemoteSwiftPackageReference;
			repositoryURL = "https://github.com/httpswift/swifter";
			requirement = {
				kind = upToNextMajorVersion;
				minimumVersion = 1.5.0;
			};
		};
		BDCEBE5B2D2D48B00038C7F2 /* XCRemoteSwiftPackageReference "HotReloadSwiftUITransferProtocol" */ = {
			isa = XCRemoteSwiftPackageReference;
			repositoryURL = "https://github.com/OneeMe/HotReloadSwiftUITransferProtocol";
			requirement = {
				branch = main;
				kind = branch;
			};
		};
/* End XCRemoteSwiftPackageReference section */

/* Begin XCSwiftPackageProductDependency section */
		BDA70FD22D2C070F00AD55AE /* HotReloadSwiftUITransferProtocol */ = {
			isa = XCSwiftPackageProductDependency;
			productName = HotReloadSwiftUITransferProtocol;
		};
		BDA70FFD2D2C088600AD55AE /* Swifter */ = {
			isa = XCSwiftPackageProductDependency;
			package = BDA70FFC2D2C088600AD55AE /* XCRemoteSwiftPackageReference "swifter" */;
			productName = Swifter;
		};
		BDCEBE5C2D2D48B00038C7F2 /* HotReloadSwiftUITransferProtocol */ = {
			isa = XCSwiftPackageProductDependency;
			package = BDCEBE5B2D2D48B00038C7F2 /* XCRemoteSwiftPackageReference "HotReloadSwiftUITransferProtocol" */;
			productName = HotReloadSwiftUITransferProtocol;
		};
/* End XCSwiftPackageProductDependency section */
	};
	rootObject = BDA70DA52D2A33A400AD55AE /* Project object */;
}
