{
  "originHash" : "9b75d0086958a68bd6ee36386c888f8941ea1e3833415dfb59e00acea080edc7",
  "pins" : [
    {
      "identity" : "swifter",
      "kind" : "remoteSourceControl",
      "location" : "https://github.com/httpswift/swifter.git",
      "state" : {
        "revision" : "9483a5d459b45c3ffd059f7b55f9638e268632fd",
        "version" : "1.5.0"
      }
    }
  ],
  "version" : 3
}
